{
  "object": {
    "pins": [
      {
        "package": "BottomBar-SwiftUI",
        "repositoryURL": "https://github.com/smartvipere75/bottombar-swiftui",
        "state": {
          "branch": "master",
          "revision": "26c5c48842632b39242bb268399651097ace653a",
          "version": null
        }
      }
    ]
  },
  "version": 1
}
