// !$*UTF8*$!
{
	archiveVersion = 1;
	classes = {
	};
	objectVersion = 55;
	objects = {

/* Begin PBXBuildFile section */
		64652D4529BEBAF900D576C7 /* ForgotAuthentication.swift in Sources */ = {isa = PBXBuildFile; fileRef = 64652D4429BEBAF900D576C7 /* ForgotAuthentication.swift */; };
		647805C929BEEE3E00018916 /* chateauLogo.png in Resources */ = {isa = PBXBuildFile; fileRef = 647805C829BEEE3E00018916 /* chateauLogo.png */; };
		647805CB29BEF69500018916 /* pinot-noir-bottle.png in Resources */ = {isa = PBXBuildFile; fileRef = 647805CA29BEF69500018916 /* pinot-noir-bottle.png */; };
		647805CD29BF0EA800018916 /* GuestMenuView.swift in Sources */ = {isa = PBXBuildFile; fileRef = 647805CC29BF0EA800018916 /* GuestMenuView.swift */; };
		647805CF29BF0F8000018916 /* MainMenuView.swift in Sources */ = {isa = PBXBuildFile; fileRef = 647805CE29BF0F8000018916 /* MainMenuView.swift */; };
		647805D129BF1C6D00018916 /* WineData.swift in Sources */ = {isa = PBXBuildFile; fileRef = 647805D029BF1C6D00018916 /* WineData.swift */; };
		647805D429BF1D4E00018916 /* Wine.swift in Sources */ = {isa = PBXBuildFile; fileRef = 647805D329BF1D4E00018916 /* Wine.swift */; };
		647EF5AC29BC1D6C002A9897 /* ChateauDuNoxApp.swift in Sources */ = {isa = PBXBuildFile; fileRef = 647EF5AB29BC1D6C002A9897 /* ChateauDuNoxApp.swift */; };
		647EF5B029BC1D6D002A9897 /* Assets.xcassets in Resources */ = {isa = PBXBuildFile; fileRef = 647EF5AF29BC1D6D002A9897 /* Assets.xcassets */; };
		647EF5B329BC1D6D002A9897 /* Preview Assets.xcassets in Resources */ = {isa = PBXBuildFile; fileRef = 647EF5B229BC1D6D002A9897 /* Preview Assets.xcassets */; };
		647EF5C029BC1EB3002A9897 /* BottomBar-SwiftUI in Frameworks */ = {isa = PBXBuildFile; productRef = 647EF5BF29BC1EB3002A9897 /* BottomBar-SwiftUI */; };
		647EF5C329BC1F7C002A9897 /* ChateauDB.xcdatamodeld in Sources */ = {isa = PBXBuildFile; fileRef = 647EF5C129BC1F7C002A9897 /* ChateauDB.xcdatamodeld */; };
		647EF5C529BC2045002A9897 /* PersistenceController.swift in Sources */ = {isa = PBXBuildFile; fileRef = 647EF5C429BC2045002A9897 /* PersistenceController.swift */; };
		647EF5C929BC2247002A9897 /* SignupView.swift in Sources */ = {isa = PBXBuildFile; fileRef = 647EF5C829BC2247002A9897 /* SignupView.swift */; };
		647EF5D029BC29CE002A9897 /* pinot-noir-cover.jpeg in Resources */ = {isa = PBXBuildFile; fileRef = 647EF5CF29BC29CE002A9897 /* pinot-noir-cover.jpeg */; };
		647EF5D229BC349F002A9897 /* LoginView.swift in Sources */ = {isa = PBXBuildFile; fileRef = 647EF5C629BC2224002A9897 /* LoginView.swift */; };
		64C9AB9829BC53DB00025C95 /* riesling-cover.jpeg in Resources */ = {isa = PBXBuildFile; fileRef = 64C9AB9729BC53DB00025C95 /* riesling-cover.jpeg */; };
		64C9AB9A29BC551F00025C95 /* barbera-cover.jpeg in Resources */ = {isa = PBXBuildFile; fileRef = 64C9AB9929BC551E00025C95 /* barbera-cover.jpeg */; };
		64C9ABA029BC6C6000025C95 /* UserAuthentication.swift in Sources */ = {isa = PBXBuildFile; fileRef = 64C9AB9F29BC6C6000025C95 /* UserAuthentication.swift */; };
		64E468FB29BFEF7400874300 /* blanc-bottle.jpg in Resources */ = {isa = PBXBuildFile; fileRef = 64E468F129BFEF7400874300 /* blanc-bottle.jpg */; };
		64E468FC29BFEF7400874300 /* barbera-bottle.jpg in Resources */ = {isa = PBXBuildFile; fileRef = 64E468F229BFEF7400874300 /* barbera-bottle.jpg */; };
		64E468FD29BFEF7400874300 /* blanc-grapes.jpg in Resources */ = {isa = PBXBuildFile; fileRef = 64E468F329BFEF7400874300 /* blanc-grapes.jpg */; };
		64E468FE29BFEF7400874300 /* pp-placeholder.jpg in Resources */ = {isa = PBXBuildFile; fileRef = 64E468F429BFEF7400874300 /* pp-placeholder.jpg */; };
		64E468FF29BFEF7400874300 /* barbera-grapes.jpg in Resources */ = {isa = PBXBuildFile; fileRef = 64E468F529BFEF7400874300 /* barbera-grapes.jpg */; };
		64E4690029BFEF7400874300 /* pinot-noir-grapes.jpg in Resources */ = {isa = PBXBuildFile; fileRef = 64E468F629BFEF7400874300 /* pinot-noir-grapes.jpg */; };
		64E4690129BFEF7400874300 /* erbaluce-grapes.jpg in Resources */ = {isa = PBXBuildFile; fileRef = 64E468F729BFEF7400874300 /* erbaluce-grapes.jpg */; };
		64E4690229BFEF7400874300 /* erbaluce-bottle.jpg in Resources */ = {isa = PBXBuildFile; fileRef = 64E468F829BFEF7400874300 /* erbaluce-bottle.jpg */; };
		64E4690329BFEF7400874300 /* vineyard-cover.jpg in Resources */ = {isa = PBXBuildFile; fileRef = 64E468F929BFEF7400874300 /* vineyard-cover.jpg */; };
		64E4690429BFEF7400874300 /* visa-master.jpg in Resources */ = {isa = PBXBuildFile; fileRef = 64E468FA29BFEF7400874300 /* visa-master.jpg */; };
		64E4690629BFF68600874300 /* WineDetails.swift in Sources */ = {isa = PBXBuildFile; fileRef = 64E4690529BFF68600874300 /* WineDetails.swift */; };
		64F634E829BC43AE006E03D8 /* ForgotView.swift in Sources */ = {isa = PBXBuildFile; fileRef = 64F634E729BC43AE006E03D8 /* ForgotView.swift */; };
/* End PBXBuildFile section */

/* Begin PBXFileReference section */
		64652D4429BEBAF900D576C7 /* ForgotAuthentication.swift */ = {isa = PBXFileReference; lastKnownFileType = sourcecode.swift; path = ForgotAuthentication.swift; sourceTree = "<group>"; };
		647805C829BEEE3E00018916 /* chateauLogo.png */ = {isa = PBXFileReference; lastKnownFileType = image.png; path = chateauLogo.png; sourceTree = "<group>"; };
		647805CA29BEF69500018916 /* pinot-noir-bottle.png */ = {isa = PBXFileReference; lastKnownFileType = image.png; path = "pinot-noir-bottle.png"; sourceTree = "<group>"; };
		647805CC29BF0EA800018916 /* GuestMenuView.swift */ = {isa = PBXFileReference; lastKnownFileType = sourcecode.swift; path = GuestMenuView.swift; sourceTree = "<group>"; };
		647805CE29BF0F8000018916 /* MainMenuView.swift */ = {isa = PBXFileReference; lastKnownFileType = sourcecode.swift; path = MainMenuView.swift; sourceTree = "<group>"; };
		647805D029BF1C6D00018916 /* WineData.swift */ = {isa = PBXFileReference; lastKnownFileType = sourcecode.swift; path = WineData.swift; sourceTree = "<group>"; };
		647805D329BF1D4E00018916 /* Wine.swift */ = {isa = PBXFileReference; lastKnownFileType = sourcecode.swift; path = Wine.swift; sourceTree = "<group>"; };
		647EF5A829BC1D6C002A9897 /* ChateauDuNox.app */ = {isa = PBXFileReference; explicitFileType = wrapper.application; includeInIndex = 0; path = ChateauDuNox.app; sourceTree = BUILT_PRODUCTS_DIR; };
		647EF5AB29BC1D6C002A9897 /* ChateauDuNoxApp.swift */ = {isa = PBXFileReference; lastKnownFileType = sourcecode.swift; path = ChateauDuNoxApp.swift; sourceTree = "<group>"; };
		647EF5AF29BC1D6D002A9897 /* Assets.xcassets */ = {isa = PBXFileReference; lastKnownFileType = folder.assetcatalog; path = Assets.xcassets; sourceTree = "<group>"; };
		647EF5B229BC1D6D002A9897 /* Preview Assets.xcassets */ = {isa = PBXFileReference; lastKnownFileType = folder.assetcatalog; path = "Preview Assets.xcassets"; sourceTree = "<group>"; };
		647EF5C229BC1F7C002A9897 /* ChateauDB.xcdatamodel */ = {isa = PBXFileReference; lastKnownFileType = wrapper.xcdatamodel; path = ChateauDB.xcdatamodel; sourceTree = "<group>"; };
		647EF5C429BC2045002A9897 /* PersistenceController.swift */ = {isa = PBXFileReference; lastKnownFileType = sourcecode.swift; path = PersistenceController.swift; sourceTree = "<group>"; };
		647EF5C629BC2224002A9897 /* LoginView.swift */ = {isa = PBXFileReference; lastKnownFileType = sourcecode.swift; path = LoginView.swift; sourceTree = "<group>"; };
		647EF5C829BC2247002A9897 /* SignupView.swift */ = {isa = PBXFileReference; lastKnownFileType = sourcecode.swift; path = SignupView.swift; sourceTree = "<group>"; };
		647EF5CF29BC29CE002A9897 /* pinot-noir-cover.jpeg */ = {isa = PBXFileReference; lastKnownFileType = image.jpeg; path = "pinot-noir-cover.jpeg"; sourceTree = "<group>"; };
		64C9AB9729BC53DB00025C95 /* riesling-cover.jpeg */ = {isa = PBXFileReference; lastKnownFileType = image.jpeg; path = "riesling-cover.jpeg"; sourceTree = "<group>"; };
		64C9AB9929BC551E00025C95 /* barbera-cover.jpeg */ = {isa = PBXFileReference; lastKnownFileType = image.jpeg; path = "barbera-cover.jpeg"; sourceTree = "<group>"; };
		64C9AB9F29BC6C6000025C95 /* UserAuthentication.swift */ = {isa = PBXFileReference; lastKnownFileType = sourcecode.swift; path = UserAuthentication.swift; sourceTree = "<group>"; };
		64E468F129BFEF7400874300 /* blanc-bottle.jpg */ = {isa = PBXFileReference; lastKnownFileType = image.jpeg; path = "blanc-bottle.jpg"; sourceTree = "<group>"; };
		64E468F229BFEF7400874300 /* barbera-bottle.jpg */ = {isa = PBXFileReference; lastKnownFileType = image.jpeg; path = "barbera-bottle.jpg"; sourceTree = "<group>"; };
		64E468F329BFEF7400874300 /* blanc-grapes.jpg */ = {isa = PBXFileReference; lastKnownFileType = image.jpeg; path = "blanc-grapes.jpg"; sourceTree = "<group>"; };
		64E468F429BFEF7400874300 /* pp-placeholder.jpg */ = {isa = PBXFileReference; lastKnownFileType = image.jpeg; path = "pp-placeholder.jpg"; sourceTree = "<group>"; };
		64E468F529BFEF7400874300 /* barbera-grapes.jpg */ = {isa = PBXFileReference; lastKnownFileType = image.jpeg; path = "barbera-grapes.jpg"; sourceTree = "<group>"; };
		64E468F629BFEF7400874300 /* pinot-noir-grapes.jpg */ = {isa = PBXFileReference; lastKnownFileType = image.jpeg; path = "pinot-noir-grapes.jpg"; sourceTree = "<group>"; };
		64E468F729BFEF7400874300 /* erbaluce-grapes.jpg */ = {isa = PBXFileReference; lastKnownFileType = image.jpeg; path = "erbaluce-grapes.jpg"; sourceTree = "<group>"; };
		64E468F829BFEF7400874300 /* erbaluce-bottle.jpg */ = {isa = PBXFileReference; lastKnownFileType = image.jpeg; path = "erbaluce-bottle.jpg"; sourceTree = "<group>"; };
		64E468F929BFEF7400874300 /* vineyard-cover.jpg */ = {isa = PBXFileReference; lastKnownFileType = image.jpeg; path = "vineyard-cover.jpg"; sourceTree = "<group>"; };
		64E468FA29BFEF7400874300 /* visa-master.jpg */ = {isa = PBXFileReference; lastKnownFileType = image.jpeg; path = "visa-master.jpg"; sourceTree = "<group>"; };
		64E4690529BFF68600874300 /* WineDetails.swift */ = {isa = PBXFileReference; lastKnownFileType = sourcecode.swift; path = WineDetails.swift; sourceTree = "<group>"; };
		64F634E729BC43AE006E03D8 /* ForgotView.swift */ = {isa = PBXFileReference; lastKnownFileType = sourcecode.swift; path = ForgotView.swift; sourceTree = "<group>"; };
/* End PBXFileReference section */

/* Begin PBXFrameworksBuildPhase section */
		647EF5A529BC1D6C002A9897 /* Frameworks */ = {
			isa = PBXFrameworksBuildPhase;
			buildActionMask = 2147483647;
			files = (
				647EF5C029BC1EB3002A9897 /* BottomBar-SwiftUI in Frameworks */,
			);
			runOnlyForDeploymentPostprocessing = 0;
		};
/* End PBXFrameworksBuildPhase section */

/* Begin PBXGroup section */
		64652D4629BEBB0100D576C7 /* Backend */ = {
			isa = PBXGroup;
			children = (
				64652D4429BEBAF900D576C7 /* ForgotAuthentication.swift */,
				64C9AB9F29BC6C6000025C95 /* UserAuthentication.swift */,
			);
			path = Backend;
			sourceTree = "<group>";
		};
		647805D229BF1C7200018916 /* Hardcode */ = {
			isa = PBXGroup;
			children = (
				647805D329BF1D4E00018916 /* Wine.swift */,
				647805D029BF1C6D00018916 /* WineData.swift */,
			);
			path = Hardcode;
			sourceTree = "<group>";
		};
		647EF59F29BC1D6C002A9897 = {
			isa = PBXGroup;
			children = (
				647EF5AA29BC1D6C002A9897 /* ChateauDuNox */,
				647EF5A929BC1D6C002A9897 /* Products */,
			);
			sourceTree = "<group>";
		};
		647EF5A929BC1D6C002A9897 /* Products */ = {
			isa = PBXGroup;
			children = (
				647EF5A829BC1D6C002A9897 /* ChateauDuNox.app */,
			);
			name = Products;
			sourceTree = "<group>";
		};
		647EF5AA29BC1D6C002A9897 /* ChateauDuNox */ = {
			isa = PBXGroup;
			children = (
				647EF5C129BC1F7C002A9897 /* ChateauDB.xcdatamodeld */,
				647EF5AF29BC1D6D002A9897 /* Assets.xcassets */,
				647EF5D129BC29D9002A9897 /* Images */,
				647EF5B129BC1D6D002A9897 /* Preview Content */,
				647805D229BF1C7200018916 /* Hardcode */,
				64652D4629BEBB0100D576C7 /* Backend */,
				647EF5CA29BC2250002A9897 /* Views */,
				647EF5AB29BC1D6C002A9897 /* ChateauDuNoxApp.swift */,
				647EF5C429BC2045002A9897 /* PersistenceController.swift */,
			);
			path = ChateauDuNox;
			sourceTree = "<group>";
		};
		647EF5B129BC1D6D002A9897 /* Preview Content */ = {
			isa = PBXGroup;
			children = (
				647EF5B229BC1D6D002A9897 /* Preview Assets.xcassets */,
			);
			path = "Preview Content";
			sourceTree = "<group>";
		};
		647EF5CA29BC2250002A9897 /* Views */ = {
			isa = PBXGroup;
			children = (
				647EF5C629BC2224002A9897 /* LoginView.swift */,
				647EF5C829BC2247002A9897 /* SignupView.swift */,
				647805CC29BF0EA800018916 /* GuestMenuView.swift */,
				647805CE29BF0F8000018916 /* MainMenuView.swift */,
				64F634E729BC43AE006E03D8 /* ForgotView.swift */,
				64E4690529BFF68600874300 /* WineDetails.swift */,
			);
			path = Views;
			sourceTree = "<group>";
		};
		647EF5D129BC29D9002A9897 /* Images */ = {
			isa = PBXGroup;
			children = (
				64E468F229BFEF7400874300 /* barbera-bottle.jpg */,
				64E468F529BFEF7400874300 /* barbera-grapes.jpg */,
				64E468F129BFEF7400874300 /* blanc-bottle.jpg */,
				64E468F329BFEF7400874300 /* blanc-grapes.jpg */,
				64E468F829BFEF7400874300 /* erbaluce-bottle.jpg */,
				64E468F729BFEF7400874300 /* erbaluce-grapes.jpg */,
				64E468F629BFEF7400874300 /* pinot-noir-grapes.jpg */,
				64E468F429BFEF7400874300 /* pp-placeholder.jpg */,
				64E468F929BFEF7400874300 /* vineyard-cover.jpg */,
				64E468FA29BFEF7400874300 /* visa-master.jpg */,
				647805CA29BEF69500018916 /* pinot-noir-bottle.png */,
				647805C829BEEE3E00018916 /* chateauLogo.png */,
				64C9AB9729BC53DB00025C95 /* riesling-cover.jpeg */,
				64C9AB9929BC551E00025C95 /* barbera-cover.jpeg */,
				647EF5CF29BC29CE002A9897 /* pinot-noir-cover.jpeg */,
			);
			path = Images;
			sourceTree = "<group>";
		};
/* End PBXGroup section */

/* Begin PBXNativeTarget section */
		647EF5A729BC1D6C002A9897 /* ChateauDuNox */ = {
			isa = PBXNativeTarget;
			buildConfigurationList = 647EF5BB29BC1D6D002A9897 /* Build configuration list for PBXNativeTarget "ChateauDuNox" */;
			buildPhases = (
				647EF5A429BC1D6C002A9897 /* Sources */,
				647EF5A529BC1D6C002A9897 /* Frameworks */,
				647EF5A629BC1D6C002A9897 /* Resources */,
			);
			buildRules = (
			);
			dependencies = (
			);
			name = ChateauDuNox;
			packageProductDependencies = (
				647EF5BF29BC1EB3002A9897 /* BottomBar-SwiftUI */,
			);
			productName = ChateauDuNox;
			productReference = 647EF5A829BC1D6C002A9897 /* ChateauDuNox.app */;
			productType = "com.apple.product-type.application";
		};
/* End PBXNativeTarget section */

/* Begin PBXProject section */
		647EF5A029BC1D6C002A9897 /* Project object */ = {
			isa = PBXProject;
			attributes = {
				BuildIndependentTargetsInParallel = 1;
				LastSwiftUpdateCheck = 1320;
				LastUpgradeCheck = 1320;
				TargetAttributes = {
					647EF5A729BC1D6C002A9897 = {
						CreatedOnToolsVersion = 13.2.1;
					};
				};
			};
			buildConfigurationList = 647EF5A329BC1D6C002A9897 /* Build configuration list for PBXProject "ChateauDuNox" */;
			compatibilityVersion = "Xcode 13.0";
			developmentRegion = en;
			hasScannedForEncodings = 0;
			knownRegions = (
				en,
				Base,
			);
			mainGroup = 647EF59F29BC1D6C002A9897;
			packageReferences = (
				647EF5BE29BC1EB3002A9897 /* XCRemoteSwiftPackageReference "bottombar-swiftui" */,
			);
			productRefGroup = 647EF5A929BC1D6C002A9897 /* Products */;
			projectDirPath = "";
			projectRoot = "";
			targets = (
				647EF5A729BC1D6C002A9897 /* ChateauDuNox */,
			);
		};
/* End PBXProject section */

/* Begin PBXResourcesBuildPhase section */
		647EF5A629BC1D6C002A9897 /* Resources */ = {
			isa = PBXResourcesBuildPhase;
			buildActionMask = 2147483647;
			files = (
				64E4690429BFEF7400874300 /* visa-master.jpg in Resources */,
				64E468FD29BFEF7400874300 /* blanc-grapes.jpg in Resources */,
				647805C929BEEE3E00018916 /* chateauLogo.png in Resources */,
				64E4690029BFEF7400874300 /* pinot-noir-grapes.jpg in Resources */,
				64C9AB9829BC53DB00025C95 /* riesling-cover.jpeg in Resources */,
				64E468FC29BFEF7400874300 /* barbera-bottle.jpg in Resources */,
				647EF5B329BC1D6D002A9897 /* Preview Assets.xcassets in Resources */,
				64C9AB9A29BC551F00025C95 /* barbera-cover.jpeg in Resources */,
				647EF5D029BC29CE002A9897 /* pinot-noir-cover.jpeg in Resources */,
				64E4690229BFEF7400874300 /* erbaluce-bottle.jpg in Resources */,
				647805CB29BEF69500018916 /* pinot-noir-bottle.png in Resources */,
				64E468FB29BFEF7400874300 /* blanc-bottle.jpg in Resources */,
				647EF5B029BC1D6D002A9897 /* Assets.xcassets in Resources */,
				64E468FE29BFEF7400874300 /* pp-placeholder.jpg in Resources */,
				64E4690129BFEF7400874300 /* erbaluce-grapes.jpg in Resources */,
				64E468FF29BFEF7400874300 /* barbera-grapes.jpg in Resources */,
				64E4690329BFEF7400874300 /* vineyard-cover.jpg in Resources */,
			);
			runOnlyForDeploymentPostprocessing = 0;
		};
/* End PBXResourcesBuildPhase section */

/* Begin PBXSourcesBuildPhase section */
		647EF5A429BC1D6C002A9897 /* Sources */ = {
			isa = PBXSourcesBuildPhase;
			buildActionMask = 2147483647;
			files = (
				647805CF29BF0F8000018916 /* MainMenuView.swift in Sources */,
				64E4690629BFF68600874300 /* WineDetails.swift in Sources */,
				647EF5C529BC2045002A9897 /* PersistenceController.swift in Sources */,
				647805CD29BF0EA800018916 /* GuestMenuView.swift in Sources */,
				64C9ABA029BC6C6000025C95 /* UserAuthentication.swift in Sources */,
				64652D4529BEBAF900D576C7 /* ForgotAuthentication.swift in Sources */,
				647EF5AC29BC1D6C002A9897 /* ChateauDuNoxApp.swift in Sources */,
				647805D129BF1C6D00018916 /* WineData.swift in Sources */,
				647EF5C329BC1F7C002A9897 /* ChateauDB.xcdatamodeld in Sources */,
				647805D429BF1D4E00018916 /* Wine.swift in Sources */,
				647EF5D229BC349F002A9897 /* LoginView.swift in Sources */,
				647EF5C929BC2247002A9897 /* SignupView.swift in Sources */,
				64F634E829BC43AE006E03D8 /* ForgotView.swift in Sources */,
			);
			runOnlyForDeploymentPostprocessing = 0;
		};
/* End PBXSourcesBuildPhase section */

/* Begin XCBuildConfiguration section */
		647EF5B929BC1D6D002A9897 /* Debug */ = {
			isa = XCBuildConfiguration;
			buildSettings = {
				ALWAYS_SEARCH_USER_PATHS = NO;
				CLANG_ANALYZER_NONNULL = YES;
				CLANG_ANALYZER_NUMBER_OBJECT_CONVERSION = YES_AGGRESSIVE;
				CLANG_CXX_LANGUAGE_STANDARD = "gnu++17";
				CLANG_CXX_LIBRARY = "libc++";
				CLANG_ENABLE_MODULES = YES;
				CLANG_ENABLE_OBJC_ARC = YES;
				CLANG_ENABLE_OBJC_WEAK = YES;
				CLANG_WARN_BLOCK_CAPTURE_AUTORELEASING = YES;
				CLANG_WARN_BOOL_CONVERSION = YES;
				CLANG_WARN_COMMA = YES;
				CLANG_WARN_CONSTANT_CONVERSION = YES;
				CLANG_WARN_DEPRECATED_OBJC_IMPLEMENTATIONS = YES;
				CLANG_WARN_DIRECT_OBJC_ISA_USAGE = YES_ERROR;
				CLANG_WARN_DOCUMENTATION_COMMENTS = YES;
				CLANG_WARN_EMPTY_BODY = YES;
				CLANG_WARN_ENUM_CONVERSION = YES;
				CLANG_WARN_INFINITE_RECURSION = YES;
				CLANG_WARN_INT_CONVERSION = YES;
				CLANG_WARN_NON_LITERAL_NULL_CONVERSION = YES;
				CLANG_WARN_OBJC_IMPLICIT_RETAIN_SELF = YES;
				CLANG_WARN_OBJC_LITERAL_CONVERSION = YES;
				CLANG_WARN_OBJC_ROOT_CLASS = YES_ERROR;
				CLANG_WARN_QUOTED_INCLUDE_IN_FRAMEWORK_HEADER = YES;
				CLANG_WARN_RANGE_LOOP_ANALYSIS = YES;
				CLANG_WARN_STRICT_PROTOTYPES = YES;
				CLANG_WARN_SUSPICIOUS_MOVE = YES;
				CLANG_WARN_UNGUARDED_AVAILABILITY = YES_AGGRESSIVE;
				CLANG_WARN_UNREACHABLE_CODE = YES;
				CLANG_WARN__DUPLICATE_METHOD_MATCH = YES;
				COPY_PHASE_STRIP = NO;
				DEBUG_INFORMATION_FORMAT = dwarf;
				ENABLE_STRICT_OBJC_MSGSEND = YES;
				ENABLE_TESTABILITY = YES;
				GCC_C_LANGUAGE_STANDARD = gnu11;
				GCC_DYNAMIC_NO_PIC = NO;
				GCC_NO_COMMON_BLOCKS = YES;
				GCC_OPTIMIZATION_LEVEL = 0;
				GCC_PREPROCESSOR_DEFINITIONS = (
					"DEBUG=1",
					"$(inherited)",
				);
				GCC_WARN_64_TO_32_BIT_CONVERSION = YES;
				GCC_WARN_ABOUT_RETURN_TYPE = YES_ERROR;
				GCC_WARN_UNDECLARED_SELECTOR = YES;
				GCC_WARN_UNINITIALIZED_AUTOS = YES_AGGRESSIVE;
				GCC_WARN_UNUSED_FUNCTION = YES;
				GCC_WARN_UNUSED_VARIABLE = YES;
				IPHONEOS_DEPLOYMENT_TARGET = 15.2;
				MTL_ENABLE_DEBUG_INFO = INCLUDE_SOURCE;
				MTL_FAST_MATH = YES;
				ONLY_ACTIVE_ARCH = YES;
				SDKROOT = iphoneos;
				SWIFT_ACTIVE_COMPILATION_CONDITIONS = DEBUG;
				SWIFT_OPTIMIZATION_LEVEL = "-Onone";
			};
			name = Debug;
		};
		647EF5BA29BC1D6D002A9897 /* Release */ = {
			isa = XCBuildConfiguration;
			buildSettings = {
				ALWAYS_SEARCH_USER_PATHS = NO;
				CLANG_ANALYZER_NONNULL = YES;
				CLANG_ANALYZER_NUMBER_OBJECT_CONVERSION = YES_AGGRESSIVE;
				CLANG_CXX_LANGUAGE_STANDARD = "gnu++17";
				CLANG_CXX_LIBRARY = "libc++";
				CLANG_ENABLE_MODULES = YES;
				CLANG_ENABLE_OBJC_ARC = YES;
				CLANG_ENABLE_OBJC_WEAK = YES;
				CLANG_WARN_BLOCK_CAPTURE_AUTORELEASING = YES;
				CLANG_WARN_BOOL_CONVERSION = YES;
				CLANG_WARN_COMMA = YES;
				CLANG_WARN_CONSTANT_CONVERSION = YES;
				CLANG_WARN_DEPRECATED_OBJC_IMPLEMENTATIONS = YES;
				CLANG_WARN_DIRECT_OBJC_ISA_USAGE = YES_ERROR;
				CLANG_WARN_DOCUMENTATION_COMMENTS = YES;
				CLANG_WARN_EMPTY_BODY = YES;
				CLANG_WARN_ENUM_CONVERSION = YES;
				CLANG_WARN_INFINITE_RECURSION = YES;
				CLANG_WARN_INT_CONVERSION = YES;
				CLANG_WARN_NON_LITERAL_NULL_CONVERSION = YES;
				CLANG_WARN_OBJC_IMPLICIT_RETAIN_SELF = YES;
				CLANG_WARN_OBJC_LITERAL_CONVERSION = YES;
				CLANG_WARN_OBJC_ROOT_CLASS = YES_ERROR;
				CLANG_WARN_QUOTED_INCLUDE_IN_FRAMEWORK_HEADER = YES;
				CLANG_WARN_RANGE_LOOP_ANALYSIS = YES;
				CLANG_WARN_STRICT_PROTOTYPES = YES;
				CLANG_WARN_SUSPICIOUS_MOVE = YES;
				CLANG_WARN_UNGUARDED_AVAILABILITY = YES_AGGRESSIVE;
				CLANG_WARN_UNREACHABLE_CODE = YES;
				CLANG_WARN__DUPLICATE_METHOD_MATCH = YES;
				COPY_PHASE_STRIP = NO;
				DEBUG_INFORMATION_FORMAT = "dwarf-with-dsym";
				ENABLE_NS_ASSERTIONS = NO;
				ENABLE_STRICT_OBJC_MSGSEND = YES;
				GCC_C_LANGUAGE_STANDARD = gnu11;
				GCC_NO_COMMON_BLOCKS = YES;
				GCC_WARN_64_TO_32_BIT_CONVERSION = YES;
				GCC_WARN_ABOUT_RETURN_TYPE = YES_ERROR;
				GCC_WARN_UNDECLARED_SELECTOR = YES;
				GCC_WARN_UNINITIALIZED_AUTOS = YES_AGGRESSIVE;
				GCC_WARN_UNUSED_FUNCTION = YES;
				GCC_WARN_UNUSED_VARIABLE = YES;
				IPHONEOS_DEPLOYMENT_TARGET = 15.2;
				MTL_ENABLE_DEBUG_INFO = NO;
				MTL_FAST_MATH = YES;
				SDKROOT = iphoneos;
				SWIFT_COMPILATION_MODE = wholemodule;
				SWIFT_OPTIMIZATION_LEVEL = "-O";
				VALIDATE_PRODUCT = YES;
			};
			name = Release;
		};
		647EF5BC29BC1D6D002A9897 /* Debug */ = {
			isa = XCBuildConfiguration;
			buildSettings = {
				ASSETCATALOG_COMPILER_APPICON_NAME = AppIcon;
				ASSETCATALOG_COMPILER_GLOBAL_ACCENT_COLOR_NAME = AccentColor;
				CODE_SIGN_STYLE = Automatic;
				CURRENT_PROJECT_VERSION = 1;
				DEVELOPMENT_ASSET_PATHS = "\"ChateauDuNox/Preview Content\"";
				ENABLE_PREVIEWS = YES;
				GENERATE_INFOPLIST_FILE = YES;
				INFOPLIST_FILE = ChateauDuNox/Info.plist;
				INFOPLIST_KEY_UIApplicationSceneManifest_Generation = YES;
				INFOPLIST_KEY_UIApplicationSupportsIndirectInputEvents = YES;
				INFOPLIST_KEY_UILaunchScreen_Generation = YES;
				INFOPLIST_KEY_UISupportedInterfaceOrientations_iPad = "UIInterfaceOrientationPortrait UIInterfaceOrientationPortraitUpsideDown UIInterfaceOrientationLandscapeLeft UIInterfaceOrientationLandscapeRight";
				INFOPLIST_KEY_UISupportedInterfaceOrientations_iPhone = "UIInterfaceOrientationPortrait UIInterfaceOrientationLandscapeLeft UIInterfaceOrientationLandscapeRight";
				LD_RUNPATH_SEARCH_PATHS = (
					"$(inherited)",
					"@executable_path/Frameworks",
				);
				MARKETING_VERSION = 1.0;
				PRODUCT_BUNDLE_IDENTIFIER = com.equinn.ChateauDuNox;
				PRODUCT_NAME = "$(TARGET_NAME)";
				SWIFT_EMIT_LOC_STRINGS = YES;
				SWIFT_VERSION = 5.0;
				TARGETED_DEVICE_FAMILY = "1,2";
			};
			name = Debug;
		};
		647EF5BD29BC1D6D002A9897 /* Release */ = {
			isa = XCBuildConfiguration;
			buildSettings = {
				ASSETCATALOG_COMPILER_APPICON_NAME = AppIcon;
				ASSETCATALOG_COMPILER_GLOBAL_ACCENT_COLOR_NAME = AccentColor;
				CODE_SIGN_STYLE = Automatic;
				CURRENT_PROJECT_VERSION = 1;
				DEVELOPMENT_ASSET_PATHS = "\"ChateauDuNox/Preview Content\"";
				ENABLE_PREVIEWS = YES;
				GENERATE_INFOPLIST_FILE = YES;
				INFOPLIST_FILE = ChateauDuNox/Info.plist;
				INFOPLIST_KEY_UIApplicationSceneManifest_Generation = YES;
				INFOPLIST_KEY_UIApplicationSupportsIndirectInputEvents = YES;
				INFOPLIST_KEY_UILaunchScreen_Generation = YES;
				INFOPLIST_KEY_UISupportedInterfaceOrientations_iPad = "UIInterfaceOrientationPortrait UIInterfaceOrientationPortraitUpsideDown UIInterfaceOrientationLandscapeLeft UIInterfaceOrientationLandscapeRight";
				INFOPLIST_KEY_UISupportedInterfaceOrientations_iPhone = "UIInterfaceOrientationPortrait UIInterfaceOrientationLandscapeLeft UIInterfaceOrientationLandscapeRight";
				LD_RUNPATH_SEARCH_PATHS = (
					"$(inherited)",
					"@executable_path/Frameworks",
				);
				MARKETING_VERSION = 1.0;
				PRODUCT_BUNDLE_IDENTIFIER = com.equinn.ChateauDuNox;
				PRODUCT_NAME = "$(TARGET_NAME)";
				SWIFT_EMIT_LOC_STRINGS = YES;
				SWIFT_VERSION = 5.0;
				TARGETED_DEVICE_FAMILY = "1,2";
			};
			name = Release;
		};
/* End XCBuildConfiguration section */

/* Begin XCConfigurationList section */
		647EF5A329BC1D6C002A9897 /* Build configuration list for PBXProject "ChateauDuNox" */ = {
			isa = XCConfigurationList;
			buildConfigurations = (
				647EF5B929BC1D6D002A9897 /* Debug */,
				647EF5BA29BC1D6D002A9897 /* Release */,
			);
			defaultConfigurationIsVisible = 0;
			defaultConfigurationName = Release;
		};
		647EF5BB29BC1D6D002A9897 /* Build configuration list for PBXNativeTarget "ChateauDuNox" */ = {
			isa = XCConfigurationList;
			buildConfigurations = (
				647EF5BC29BC1D6D002A9897 /* Debug */,
				647EF5BD29BC1D6D002A9897 /* Release */,
			);
			defaultConfigurationIsVisible = 0;
			defaultConfigurationName = Release;
		};
/* End XCConfigurationList section */

/* Begin XCRemoteSwiftPackageReference section */
		647EF5BE29BC1EB3002A9897 /* XCRemoteSwiftPackageReference "bottombar-swiftui" */ = {
			isa = XCRemoteSwiftPackageReference;
			repositoryURL = "https://github.com/smartvipere75/bottombar-swiftui";
			requirement = {
				branch = master;
				kind = branch;
			};
		};
/* End XCRemoteSwiftPackageReference section */

/* Begin XCSwiftPackageProductDependency section */
		647EF5BF29BC1EB3002A9897 /* BottomBar-SwiftUI */ = {
			isa = XCSwiftPackageProductDependency;
			package = 647EF5BE29BC1EB3002A9897 /* XCRemoteSwiftPackageReference "bottombar-swiftui" */;
			productName = "BottomBar-SwiftUI";
		};
/* End XCSwiftPackageProductDependency section */

/* Begin XCVersionGroup section */
		647EF5C129BC1F7C002A9897 /* ChateauDB.xcdatamodeld */ = {
			isa = XCVersionGroup;
			children = (
				647EF5C229BC1F7C002A9897 /* ChateauDB.xcdatamodel */,
			);
			currentVersion = 647EF5C229BC1F7C002A9897 /* ChateauDB.xcdatamodel */;
			path = ChateauDB.xcdatamodeld;
			sourceTree = "<group>";
			versionGroupType = wrapper.xcdatamodel;
		};
/* End XCVersionGroup section */
	};
	rootObject = 647EF5A029BC1D6C002A9897 /* Project object */;
}
